
Microsoft Visual Studio Solution File, Format Version 12.00
# Visual Studio Version 16
VisualStudioVersion = 16.0.30611.23
MinimumVisualStudioVersion = 10.0.40219.1
Project("{FAE04EC0-301F-11D3-BF4B-00C04F79EFBC}") = "CS019SoucetCisel", "CS019SoucetCisel\CS019SoucetCisel.csproj", "{30199D64-DADE-4B0C-B5A1-265B492579A1}"
EndProject
Global
	GlobalSection(SolutionConfigurationPlatforms) = preSolution
		Debug|Any CPU = Debug|Any CPU
		Release|Any CPU = Release|Any CPU
	EndGlobalSection
	GlobalSection(ProjectConfigurationPlatforms) = postSolution
		{30199D64-DADE-4B0C-B5A1-265B492579A1}.Debug|Any CPU.ActiveCfg = Debug|Any CPU
		{30199D64-DADE-4B0C-B5A1-265B492579A1}.Debug|Any CPU.Build.0 = Debug|Any CPU
		{30199D64-DADE-4B0C-B5A1-265B492579A1}.Release|Any CPU.ActiveCfg = Release|Any CPU
		{30199D64-DADE-4B0C-B5A1-265B492579A1}.Release|Any CPU.Build.0 = Release|Any CPU
	EndGlobalSection
	GlobalSection(SolutionProperties) = preSolution
		HideSolutionNode = FALSE
	EndGlobalSection
	GlobalSection(ExtensibilityGlobals) = postSolution
		SolutionGuid = {9DE93EAA-AC6F-4602-8509-EA9C5212EB86}
	EndGlobalSection
EndGlobal
